Microsoft Visual Studio Solution File, Format Version 12.00
# Visual Studio Version 17
VisualStudioVersion = 17.5.2.0
MinimumVisualStudioVersion = 10.0.40219.1
Project("{FAE04EC0-301F-11D3-BF4B-00C04F79EFBC}") = "TareaSemana05", "TareaSemana05.csproj", "{FF152251-BDF1-9207-4303-3DFFF781D89B}"
EndProject
Global
	GlobalSection(SolutionConfigurationPlatforms) = preSolution
		Debug|Any CPU = Debug|Any CPU
		Release|Any CPU = Release|Any CPU
	EndGlobalSection
	GlobalSection(ProjectConfigurationPlatforms) = postSolution
		{FF152251-BDF1-9207-4303-3DFFF781D89B}.Debug|Any CPU.ActiveCfg = Debug|Any CPU
		{FF152251-BDF1-9207-4303-3DFFF781D89B}.Debug|Any CPU.Build.0 = Debug|Any CPU
		{FF152251-BDF1-9207-4303-3DFFF781D89B}.Release|Any CPU.ActiveCfg = Release|Any CPU
		{FF152251-BDF1-9207-4303-3DFFF781D89B}.Release|Any CPU.Build.0 = Release|Any CPU
	EndGlobalSection
	GlobalSection(SolutionProperties) = preSolution
		HideSolutionNode = FALSE
	EndGlobalSection
	GlobalSection(ExtensibilityGlobals) = postSolution
		SolutionGuid = {02B40274-15AA-4C8F-8051-FF7245CA4861}
	EndGlobalSection
EndGlobal
